
Microsoft Visual Studio Solution File, Format Version 12.00
# Visual Studio Version 17
VisualStudioVersion = 17.3.32825.248
MinimumVisualStudioVersion = 10.0.40219.1
Project("{8BC9CEB8-8B4A-11D0-8D11-00A0C91BC942}") = "两个数据值的交换", "两个数据值的交换\两个数据值的交换.vcxproj", "{660BCEA1-AB74-475C-AE40-8260ACC3363C}"
EndProject
Global
	GlobalSection(SolutionConfigurationPlatforms) = preSolution
		Debug|x64 = Debug|x64
		Debug|x86 = Debug|x86
		Release|x64 = Release|x64
		Release|x86 = Release|x86
	EndGlobalSection
	GlobalSection(ProjectConfigurationPlatforms) = postSolution
		{660BCEA1-AB74-475C-AE40-8260ACC3363C}.Debug|x64.ActiveCfg = Debug|x64
		{660BCEA1-AB74-475C-AE40-8260ACC3363C}.Debug|x64.Build.0 = Debug|x64
		{660BCEA1-AB74-475C-AE40-8260ACC3363C}.Debug|x86.ActiveCfg = Debug|Win32
		{660BCEA1-AB74-475C-AE40-8260ACC3363C}.Debug|x86.Build.0 = Debug|Win32
		{660BCEA1-AB74-475C-AE40-8260ACC3363C}.Release|x64.ActiveCfg = Release|x64
		{660BCEA1-AB74-475C-AE40-8260ACC3363C}.Release|x64.Build.0 = Release|x64
		{660BCEA1-AB74-475C-AE40-8260ACC3363C}.Release|x86.ActiveCfg = Release|Win32
		{660BCEA1-AB74-475C-AE40-8260ACC3363C}.Release|x86.Build.0 = Release|Win32
	EndGlobalSection
	GlobalSection(SolutionProperties) = preSolution
		HideSolutionNode = FALSE
	EndGlobalSection
	GlobalSection(ExtensibilityGlobals) = postSolution
		SolutionGuid = {7A38390D-E306-436B-A2EA-9FE2EFCB3E67}
	EndGlobalSection
EndGlobal
