
Microsoft Visual Studio Solution File, Format Version 12.00
# Visual Studio Version 17
VisualStudioVersion = 17.3.32922.545
MinimumVisualStudioVersion = 10.0.40219.1
Project("{8BC9CEB8-8B4A-11D0-8D11-00A0C91BC942}") = "模仿qsort实现一个冒泡排序的通用算法", "模仿qsort实现一个冒泡排序的通用算法\模仿qsort实现一个冒泡排序的通用算法.vcxproj", "{EC709198-B9AD-4E5F-929C-F3BF0113A19C}"
EndProject
Global
	GlobalSection(SolutionConfigurationPlatforms) = preSolution
		Debug|x64 = Debug|x64
		Debug|x86 = Debug|x86
		Release|x64 = Release|x64
		Release|x86 = Release|x86
	EndGlobalSection
	GlobalSection(ProjectConfigurationPlatforms) = postSolution
		{EC709198-B9AD-4E5F-929C-F3BF0113A19C}.Debug|x64.ActiveCfg = Debug|x64
		{EC709198-B9AD-4E5F-929C-F3BF0113A19C}.Debug|x64.Build.0 = Debug|x64
		{EC709198-B9AD-4E5F-929C-F3BF0113A19C}.Debug|x86.ActiveCfg = Debug|Win32
		{EC709198-B9AD-4E5F-929C-F3BF0113A19C}.Debug|x86.Build.0 = Debug|Win32
		{EC709198-B9AD-4E5F-929C-F3BF0113A19C}.Release|x64.ActiveCfg = Release|x64
		{EC709198-B9AD-4E5F-929C-F3BF0113A19C}.Release|x64.Build.0 = Release|x64
		{EC709198-B9AD-4E5F-929C-F3BF0113A19C}.Release|x86.ActiveCfg = Release|Win32
		{EC709198-B9AD-4E5F-929C-F3BF0113A19C}.Release|x86.Build.0 = Release|Win32
	EndGlobalSection
	GlobalSection(SolutionProperties) = preSolution
		HideSolutionNode = FALSE
	EndGlobalSection
	GlobalSection(ExtensibilityGlobals) = postSolution
		SolutionGuid = {F734B2C7-13BE-4A8F-A26A-19D15E4DEEED}
	EndGlobalSection
EndGlobal
